
Microsoft Visual Studio Solution File, Format Version 12.00
# Visual Studio 14
VisualStudioVersion = 14.0.23107.0
MinimumVisualStudioVersion = 10.0.40219.1
Project("{FAE04EC0-301F-11D3-BF4B-00C04F79EFBC}") = "MilkVRLauncher", "App1\MilkVRLauncher.csproj", "{B1817490-B927-4CC1-98DC-B2CA5BBBEDE3}"
EndProject
Global
	GlobalSection(SolutionConfigurationPlatforms) = preSolution
		Debug|Any CPU = Debug|Any CPU
		Release|Any CPU = Release|Any CPU
	EndGlobalSection
	GlobalSection(ProjectConfigurationPlatforms) = postSolution
		{B1817490-B927-4CC1-98DC-B2CA5BBBEDE3}.Debug|Any CPU.ActiveCfg = Debug|Any CPU
		{B1817490-B927-4CC1-98DC-B2CA5BBBEDE3}.Debug|Any CPU.Build.0 = Debug|Any CPU
		{B1817490-B927-4CC1-98DC-B2CA5BBBEDE3}.Debug|Any CPU.Deploy.0 = Debug|Any CPU
		{B1817490-B927-4CC1-98DC-B2CA5BBBEDE3}.Release|Any CPU.ActiveCfg = Release|Any CPU
		{B1817490-B927-4CC1-98DC-B2CA5BBBEDE3}.Release|Any CPU.Build.0 = Release|Any CPU
		{B1817490-B927-4CC1-98DC-B2CA5BBBEDE3}.Release|Any CPU.Deploy.0 = Release|Any CPU
	EndGlobalSection
	GlobalSection(SolutionProperties) = preSolution
		HideSolutionNode = FALSE
	EndGlobalSection
	GlobalSection(TeamFoundationVersionControl) = preSolution
		SccNumberOfProjects = 1
		SccEnterpriseProvider = {4CA58AB2-18FA-4F8D-95D4-32DDF27D184C}
		SccTeamFoundationServer = https://heavykick.visualstudio.com/defaultcollection
		SccProjectUniqueName0 = App1\\MilkVRLauncher.csproj
		SccProjectName0 = $/MilkVR\u0020Launcher/App1/App1
		SccAuxPath0 = https://heavykick.visualstudio.com/defaultcollection
		SccLocalPath0 = App1
		SccProvider0 = {4CA58AB2-18FA-4F8D-95D4-32DDF27D184C}
	EndGlobalSection
EndGlobal
